// !$*UTF8*$!
{
	archiveVersion = 1;
	classes = {
	};
	objectVersion = 56;
	objects = {

/* Begin PBXBuildFile section */
		7B947D192B03E33800667350 /* EventsBaseCollectionView.swift in Sources */ = {isa = PBXBuildFile; fileRef = 7B947D182B03E33800667350 /* EventsBaseCollectionView.swift */; };
		7B947D1C2B03E46900667350 /* EventCollectionViewCell.swift in Sources */ = {isa = PBXBuildFile; fileRef = 7B947D1B2B03E46900667350 /* EventCollectionViewCell.swift */; };
		7B947D1E2B03E75900667350 /* CustomEventImage.swift in Sources */ = {isa = PBXBuildFile; fileRef = 7B947D1D2B03E75900667350 /* CustomEventImage.swift */; };
		7B947D202B03EE8500667350 /* Alert.swift in Sources */ = {isa = PBXBuildFile; fileRef = 7B947D1F2B03EE8500667350 /* Alert.swift */; };
		7B947D222B03EF9F00667350 /* UICollectionView+EmptyView.swift in Sources */ = {isa = PBXBuildFile; fileRef = 7B947D212B03EF9F00667350 /* UICollectionView+EmptyView.swift */; };
		7B947D242B03EFF800667350 /* CustomTextView.swift in Sources */ = {isa = PBXBuildFile; fileRef = 7B947D232B03EFF800667350 /* CustomTextView.swift */; };
		7B947D262B03F58800667350 /* Cache.swift in Sources */ = {isa = PBXBuildFile; fileRef = 7B947D252B03F58800667350 /* Cache.swift */; };
		7B947D282B03F64B00667350 /* ImageService.swift in Sources */ = {isa = PBXBuildFile; fileRef = 7B947D272B03F64B00667350 /* ImageService.swift */; };
		7B947D2A2B03F6B700667350 /* ImageNetworkService.swift in Sources */ = {isa = PBXBuildFile; fileRef = 7B947D292B03F6B700667350 /* ImageNetworkService.swift */; };
		7B947D2C2B03F6E700667350 /* ImageApiEndpoint.swift in Sources */ = {isa = PBXBuildFile; fileRef = 7B947D2B2B03F6E700667350 /* ImageApiEndpoint.swift */; };
		7B947D2E2B03FEE600667350 /* UIDevice.swift in Sources */ = {isa = PBXBuildFile; fileRef = 7B947D2D2B03FEE600667350 /* UIDevice.swift */; };
		7B947D302B03FF0500667350 /* NSDirectionalEdgeInsets.swift in Sources */ = {isa = PBXBuildFile; fileRef = 7B947D2F2B03FF0500667350 /* NSDirectionalEdgeInsets.swift */; };
		7BE70FC02B02A8F90090D678 /* AppDelegate.swift in Sources */ = {isa = PBXBuildFile; fileRef = 7BE70FBF2B02A8F90090D678 /* AppDelegate.swift */; };
		7BE70FC22B02A8F90090D678 /* SceneDelegate.swift in Sources */ = {isa = PBXBuildFile; fileRef = 7BE70FC12B02A8F90090D678 /* SceneDelegate.swift */; };
		7BE70FCA2B02A8F90090D678 /* TMChallenge.xcdatamodeld in Sources */ = {isa = PBXBuildFile; fileRef = 7BE70FC82B02A8F90090D678 /* TMChallenge.xcdatamodeld */; };
		7BE70FCC2B02A8FC0090D678 /* Assets.xcassets in Resources */ = {isa = PBXBuildFile; fileRef = 7BE70FCB2B02A8FC0090D678 /* Assets.xcassets */; };
		7BE70FCF2B02A8FC0090D678 /* LaunchScreen.storyboard in Resources */ = {isa = PBXBuildFile; fileRef = 7BE70FCD2B02A8FC0090D678 /* LaunchScreen.storyboard */; };
		7BE70FDA2B02A8FC0090D678 /* TMChallengeTests.swift in Sources */ = {isa = PBXBuildFile; fileRef = 7BE70FD92B02A8FC0090D678 /* TMChallengeTests.swift */; };
		7BE70FE42B02A8FC0090D678 /* TMChallengeUITests.swift in Sources */ = {isa = PBXBuildFile; fileRef = 7BE70FE32B02A8FC0090D678 /* TMChallengeUITests.swift */; };
		7BE70FE62B02A8FC0090D678 /* TMChallengeUITestsLaunchTests.swift in Sources */ = {isa = PBXBuildFile; fileRef = 7BE70FE52B02A8FC0090D678 /* TMChallengeUITestsLaunchTests.swift */; };
		7BE70FFB2B02ABA00090D678 /* AppCoordinator.swift in Sources */ = {isa = PBXBuildFile; fileRef = 7BE70FFA2B02ABA00090D678 /* AppCoordinator.swift */; };
		7BE70FFF2B02AC070090D678 /* BaseViewController.swift in Sources */ = {isa = PBXBuildFile; fileRef = 7BE70FFE2B02AC070090D678 /* BaseViewController.swift */; };
		7BE710022B02B19D0090D678 /* EventsViewController.swift in Sources */ = {isa = PBXBuildFile; fileRef = 7BE710012B02B19D0090D678 /* EventsViewController.swift */; };
		7BE710042B02B1BC0090D678 /* EventsViewModel.swift in Sources */ = {isa = PBXBuildFile; fileRef = 7BE710032B02B1BC0090D678 /* EventsViewModel.swift */; };
		7BE7100A2B02C24A0090D678 /* NetworkManager.swift in Sources */ = {isa = PBXBuildFile; fileRef = 7BE710092B02C24A0090D678 /* NetworkManager.swift */; };
		7BE7100C2B02C3150090D678 /* EndPointType.swift in Sources */ = {isa = PBXBuildFile; fileRef = 7BE7100B2B02C3150090D678 /* EndPointType.swift */; };
		7BE7100E2B02C8FF0090D678 /* NetworkResponseApi.swift in Sources */ = {isa = PBXBuildFile; fileRef = 7BE7100D2B02C8FF0090D678 /* NetworkResponseApi.swift */; };
		7BE710112B02C94D0090D678 /* Result.swift in Sources */ = {isa = PBXBuildFile; fileRef = 7BE710102B02C94D0090D678 /* Result.swift */; };
		7BE710162B02CC2E0090D678 /* EventsTM.swift in Sources */ = {isa = PBXBuildFile; fileRef = 7BE710152B02CC2E0090D678 /* EventsTM.swift */; };
		7BE710182B02CC6F0090D678 /* NetworkResponse.swift in Sources */ = {isa = PBXBuildFile; fileRef = 7BE710172B02CC6F0090D678 /* NetworkResponse.swift */; };
		7BE7101B2B02CD780090D678 /* EventsNetworkService.swift in Sources */ = {isa = PBXBuildFile; fileRef = 7BE7101A2B02CD780090D678 /* EventsNetworkService.swift */; };
		7BE7101E2B02CE500090D678 /* EventsApiEndpoint.swift in Sources */ = {isa = PBXBuildFile; fileRef = 7BE7101D2B02CE500090D678 /* EventsApiEndpoint.swift */; };
		7BE710212B02CFD40090D678 /* ParameterEncoding.swift in Sources */ = {isa = PBXBuildFile; fileRef = 7BE710202B02CFD40090D678 /* ParameterEncoding.swift */; };
		7BE710242B02D1BE0090D678 /* EventsApiResponse.swift in Sources */ = {isa = PBXBuildFile; fileRef = 7BE710232B02D1BE0090D678 /* EventsApiResponse.swift */; };
		7BE710272B02D2EA0090D678 /* AnyPublisher+Create.swift in Sources */ = {isa = PBXBuildFile; fileRef = 7BE710262B02D2EA0090D678 /* AnyPublisher+Create.swift */; };
		7BE7102A2B02D48C0090D678 /* EventsService.swift in Sources */ = {isa = PBXBuildFile; fileRef = 7BE710292B02D48C0090D678 /* EventsService.swift */; };
/* End PBXBuildFile section */

/* Begin PBXContainerItemProxy section */
		7BE70FD62B02A8FC0090D678 /* PBXContainerItemProxy */ = {
			isa = PBXContainerItemProxy;
			containerPortal = 7BE70FB42B02A8F90090D678 /* Project object */;
			proxyType = 1;
			remoteGlobalIDString = 7BE70FBB2B02A8F90090D678;
			remoteInfo = TMChallenge;
		};
		7BE70FE02B02A8FC0090D678 /* PBXContainerItemProxy */ = {
			isa = PBXContainerItemProxy;
			containerPortal = 7BE70FB42B02A8F90090D678 /* Project object */;
			proxyType = 1;
			remoteGlobalIDString = 7BE70FBB2B02A8F90090D678;
			remoteInfo = TMChallenge;
		};
/* End PBXContainerItemProxy section */

/* Begin PBXFileReference section */
		7B947D182B03E33800667350 /* EventsBaseCollectionView.swift */ = {isa = PBXFileReference; lastKnownFileType = sourcecode.swift; path = EventsBaseCollectionView.swift; sourceTree = "<group>"; };
		7B947D1B2B03E46900667350 /* EventCollectionViewCell.swift */ = {isa = PBXFileReference; lastKnownFileType = sourcecode.swift; path = EventCollectionViewCell.swift; sourceTree = "<group>"; };
		7B947D1D2B03E75900667350 /* CustomEventImage.swift */ = {isa = PBXFileReference; lastKnownFileType = sourcecode.swift; path = CustomEventImage.swift; sourceTree = "<group>"; };
		7B947D1F2B03EE8500667350 /* Alert.swift */ = {isa = PBXFileReference; lastKnownFileType = sourcecode.swift; path = Alert.swift; sourceTree = "<group>"; };
		7B947D212B03EF9F00667350 /* UICollectionView+EmptyView.swift */ = {isa = PBXFileReference; lastKnownFileType = sourcecode.swift; path = "UICollectionView+EmptyView.swift"; sourceTree = "<group>"; };
		7B947D232B03EFF800667350 /* CustomTextView.swift */ = {isa = PBXFileReference; lastKnownFileType = sourcecode.swift; path = CustomTextView.swift; sourceTree = "<group>"; };
		7B947D252B03F58800667350 /* Cache.swift */ = {isa = PBXFileReference; lastKnownFileType = sourcecode.swift; path = Cache.swift; sourceTree = "<group>"; };
		7B947D272B03F64B00667350 /* ImageService.swift */ = {isa = PBXFileReference; lastKnownFileType = sourcecode.swift; path = ImageService.swift; sourceTree = "<group>"; };
		7B947D292B03F6B700667350 /* ImageNetworkService.swift */ = {isa = PBXFileReference; lastKnownFileType = sourcecode.swift; path = ImageNetworkService.swift; sourceTree = "<group>"; };
		7B947D2B2B03F6E700667350 /* ImageApiEndpoint.swift */ = {isa = PBXFileReference; lastKnownFileType = sourcecode.swift; path = ImageApiEndpoint.swift; sourceTree = "<group>"; };
		7B947D2D2B03FEE600667350 /* UIDevice.swift */ = {isa = PBXFileReference; lastKnownFileType = sourcecode.swift; path = UIDevice.swift; sourceTree = "<group>"; };
		7B947D2F2B03FF0500667350 /* NSDirectionalEdgeInsets.swift */ = {isa = PBXFileReference; lastKnownFileType = sourcecode.swift; path = NSDirectionalEdgeInsets.swift; sourceTree = "<group>"; };
		7BE70FBC2B02A8F90090D678 /* TMChallenge.app */ = {isa = PBXFileReference; explicitFileType = wrapper.application; includeInIndex = 0; path = TMChallenge.app; sourceTree = BUILT_PRODUCTS_DIR; };
		7BE70FBF2B02A8F90090D678 /* AppDelegate.swift */ = {isa = PBXFileReference; lastKnownFileType = sourcecode.swift; path = AppDelegate.swift; sourceTree = "<group>"; };
		7BE70FC12B02A8F90090D678 /* SceneDelegate.swift */ = {isa = PBXFileReference; lastKnownFileType = sourcecode.swift; path = SceneDelegate.swift; sourceTree = "<group>"; };
		7BE70FC92B02A8F90090D678 /* TMChallenge.xcdatamodel */ = {isa = PBXFileReference; lastKnownFileType = wrapper.xcdatamodel; path = TMChallenge.xcdatamodel; sourceTree = "<group>"; };
		7BE70FCB2B02A8FC0090D678 /* Assets.xcassets */ = {isa = PBXFileReference; lastKnownFileType = folder.assetcatalog; path = Assets.xcassets; sourceTree = "<group>"; };
		7BE70FCE2B02A8FC0090D678 /* Base */ = {isa = PBXFileReference; lastKnownFileType = file.storyboard; name = Base; path = Base.lproj/LaunchScreen.storyboard; sourceTree = "<group>"; };
		7BE70FD02B02A8FC0090D678 /* Info.plist */ = {isa = PBXFileReference; lastKnownFileType = text.plist.xml; path = Info.plist; sourceTree = "<group>"; };
		7BE70FD52B02A8FC0090D678 /* TMChallengeTests.xctest */ = {isa = PBXFileReference; explicitFileType = wrapper.cfbundle; includeInIndex = 0; path = TMChallengeTests.xctest; sourceTree = BUILT_PRODUCTS_DIR; };
		7BE70FD92B02A8FC0090D678 /* TMChallengeTests.swift */ = {isa = PBXFileReference; lastKnownFileType = sourcecode.swift; path = TMChallengeTests.swift; sourceTree = "<group>"; };
		7BE70FDF2B02A8FC0090D678 /* TMChallengeUITests.xctest */ = {isa = PBXFileReference; explicitFileType = wrapper.cfbundle; includeInIndex = 0; path = TMChallengeUITests.xctest; sourceTree = BUILT_PRODUCTS_DIR; };
		7BE70FE32B02A8FC0090D678 /* TMChallengeUITests.swift */ = {isa = PBXFileReference; lastKnownFileType = sourcecode.swift; path = TMChallengeUITests.swift; sourceTree = "<group>"; };
		7BE70FE52B02A8FC0090D678 /* TMChallengeUITestsLaunchTests.swift */ = {isa = PBXFileReference; lastKnownFileType = sourcecode.swift; path = TMChallengeUITestsLaunchTests.swift; sourceTree = "<group>"; };
		7BE70FFA2B02ABA00090D678 /* AppCoordinator.swift */ = {isa = PBXFileReference; lastKnownFileType = sourcecode.swift; path = AppCoordinator.swift; sourceTree = "<group>"; };
		7BE70FFE2B02AC070090D678 /* BaseViewController.swift */ = {isa = PBXFileReference; lastKnownFileType = sourcecode.swift; path = BaseViewController.swift; sourceTree = "<group>"; };
		7BE710012B02B19D0090D678 /* EventsViewController.swift */ = {isa = PBXFileReference; lastKnownFileType = sourcecode.swift; path = EventsViewController.swift; sourceTree = "<group>"; };
		7BE710032B02B1BC0090D678 /* EventsViewModel.swift */ = {isa = PBXFileReference; lastKnownFileType = sourcecode.swift; path = EventsViewModel.swift; sourceTree = "<group>"; };
		7BE710092B02C24A0090D678 /* NetworkManager.swift */ = {isa = PBXFileReference; lastKnownFileType = sourcecode.swift; path = NetworkManager.swift; sourceTree = "<group>"; };
		7BE7100B2B02C3150090D678 /* EndPointType.swift */ = {isa = PBXFileReference; lastKnownFileType = sourcecode.swift; path = EndPointType.swift; sourceTree = "<group>"; };
		7BE7100D2B02C8FF0090D678 /* NetworkResponseApi.swift */ = {isa = PBXFileReference; lastKnownFileType = sourcecode.swift; path = NetworkResponseApi.swift; sourceTree = "<group>"; };
		7BE710102B02C94D0090D678 /* Result.swift */ = {isa = PBXFileReference; lastKnownFileType = sourcecode.swift; path = Result.swift; sourceTree = "<group>"; };
		7BE710152B02CC2E0090D678 /* EventsTM.swift */ = {isa = PBXFileReference; lastKnownFileType = sourcecode.swift; path = EventsTM.swift; sourceTree = "<group>"; };
		7BE710172B02CC6F0090D678 /* NetworkResponse.swift */ = {isa = PBXFileReference; lastKnownFileType = sourcecode.swift; path = NetworkResponse.swift; sourceTree = "<group>"; };
		7BE7101A2B02CD780090D678 /* EventsNetworkService.swift */ = {isa = PBXFileReference; lastKnownFileType = sourcecode.swift; path = EventsNetworkService.swift; sourceTree = "<group>"; };
		7BE7101D2B02CE500090D678 /* EventsApiEndpoint.swift */ = {isa = PBXFileReference; lastKnownFileType = sourcecode.swift; path = EventsApiEndpoint.swift; sourceTree = "<group>"; };
		7BE710202B02CFD40090D678 /* ParameterEncoding.swift */ = {isa = PBXFileReference; lastKnownFileType = sourcecode.swift; path = ParameterEncoding.swift; sourceTree = "<group>"; };
		7BE710232B02D1BE0090D678 /* EventsApiResponse.swift */ = {isa = PBXFileReference; lastKnownFileType = sourcecode.swift; path = EventsApiResponse.swift; sourceTree = "<group>"; };
		7BE710262B02D2EA0090D678 /* AnyPublisher+Create.swift */ = {isa = PBXFileReference; lastKnownFileType = sourcecode.swift; path = "AnyPublisher+Create.swift"; sourceTree = "<group>"; };
		7BE710292B02D48C0090D678 /* EventsService.swift */ = {isa = PBXFileReference; lastKnownFileType = sourcecode.swift; path = EventsService.swift; sourceTree = "<group>"; };
/* End PBXFileReference section */

/* Begin PBXFrameworksBuildPhase section */
		7BE70FB92B02A8F90090D678 /* Frameworks */ = {
			isa = PBXFrameworksBuildPhase;
			buildActionMask = 2147483647;
			files = (
			);
			runOnlyForDeploymentPostprocessing = 0;
		};
		7BE70FD22B02A8FC0090D678 /* Frameworks */ = {
			isa = PBXFrameworksBuildPhase;
			buildActionMask = 2147483647;
			files = (
			);
			runOnlyForDeploymentPostprocessing = 0;
		};
		7BE70FDC2B02A8FC0090D678 /* Frameworks */ = {
			isa = PBXFrameworksBuildPhase;
			buildActionMask = 2147483647;
			files = (
			);
			runOnlyForDeploymentPostprocessing = 0;
		};
/* End PBXFrameworksBuildPhase section */

/* Begin PBXGroup section */
		7B947D1A2B03E45D00667350 /* CollectionView */ = {
			isa = PBXGroup;
			children = (
				7B947D312B03FF2A00667350 /* Cells */,
				7B947D182B03E33800667350 /* EventsBaseCollectionView.swift */,
				7B947D1D2B03E75900667350 /* CustomEventImage.swift */,
			);
			path = CollectionView;
			sourceTree = "<group>";
		};
		7B947D312B03FF2A00667350 /* Cells */ = {
			isa = PBXGroup;
			children = (
				7B947D1B2B03E46900667350 /* EventCollectionViewCell.swift */,
			);
			path = Cells;
			sourceTree = "<group>";
		};
		7BE70FB32B02A8F90090D678 = {
			isa = PBXGroup;
			children = (
				7BE70FBE2B02A8F90090D678 /* TMChallenge */,
				7BE70FD82B02A8FC0090D678 /* TMChallengeTests */,
				7BE70FE22B02A8FC0090D678 /* TMChallengeUITests */,
				7BE70FBD2B02A8F90090D678 /* Products */,
			);
			sourceTree = "<group>";
		};
		7BE70FBD2B02A8F90090D678 /* Products */ = {
			isa = PBXGroup;
			children = (
				7BE70FBC2B02A8F90090D678 /* TMChallenge.app */,
				7BE70FD52B02A8FC0090D678 /* TMChallengeTests.xctest */,
				7BE70FDF2B02A8FC0090D678 /* TMChallengeUITests.xctest */,
			);
			name = Products;
			sourceTree = "<group>";
		};
		7BE70FBE2B02A8F90090D678 /* TMChallenge */ = {
			isa = PBXGroup;
			children = (
				7BE70FFD2B02ABF70090D678 /* Utils */,
				7BE70FF22B02AB060090D678 /* Modules */,
				7BE70FBF2B02A8F90090D678 /* AppDelegate.swift */,
				7BE70FC12B02A8F90090D678 /* SceneDelegate.swift */,
				7BE70FCB2B02A8FC0090D678 /* Assets.xcassets */,
				7BE70FCD2B02A8FC0090D678 /* LaunchScreen.storyboard */,
				7BE70FD02B02A8FC0090D678 /* Info.plist */,
				7BE70FC82B02A8F90090D678 /* TMChallenge.xcdatamodeld */,
			);
			path = TMChallenge;
			sourceTree = "<group>";
		};
		7BE70FD82B02A8FC0090D678 /* TMChallengeTests */ = {
			isa = PBXGroup;
			children = (
				7BE70FD92B02A8FC0090D678 /* TMChallengeTests.swift */,
			);
			path = TMChallengeTests;
			sourceTree = "<group>";
		};
		7BE70FE22B02A8FC0090D678 /* TMChallengeUITests */ = {
			isa = PBXGroup;
			children = (
				7BE70FE32B02A8FC0090D678 /* TMChallengeUITests.swift */,
				7BE70FE52B02A8FC0090D678 /* TMChallengeUITestsLaunchTests.swift */,
			);
			path = TMChallengeUITests;
			sourceTree = "<group>";
		};
		7BE70FF22B02AB060090D678 /* Modules */ = {
			isa = PBXGroup;
			children = (
				7BE70FF82B02AB890090D678 /* Features */,
				7BE710142B02CC230090D678 /* Models */,
				7BE70FF92B02AB930090D678 /* Navigation */,
				7BE710082B02C22C0090D678 /* Networking */,
				7BE710282B02D47E0090D678 /* Services */,
			);
			path = Modules;
			sourceTree = "<group>";
		};
		7BE70FF82B02AB890090D678 /* Features */ = {
			isa = PBXGroup;
			children = (
				7BE710002B02B1910090D678 /* Events */,
				7BE70FFC2B02ABB70090D678 /* EventDetail */,
			);
			path = Features;
			sourceTree = "<group>";
		};
		7BE70FF92B02AB930090D678 /* Navigation */ = {
			isa = PBXGroup;
			children = (
				7BE70FFA2B02ABA00090D678 /* AppCoordinator.swift */,
			);
			path = Navigation;
			sourceTree = "<group>";
		};
		7BE70FFC2B02ABB70090D678 /* EventDetail */ = {
			isa = PBXGroup;
			children = (
			);
			path = EventDetail;
			sourceTree = "<group>";
		};
		7BE70FFD2B02ABF70090D678 /* Utils */ = {
			isa = PBXGroup;
			children = (
				7BE70FFE2B02AC070090D678 /* BaseViewController.swift */,
				7B947D1F2B03EE8500667350 /* Alert.swift */,
				7B947D212B03EF9F00667350 /* UICollectionView+EmptyView.swift */,
				7B947D232B03EFF800667350 /* CustomTextView.swift */,
				7B947D252B03F58800667350 /* Cache.swift */,
				7B947D2D2B03FEE600667350 /* UIDevice.swift */,
				7B947D2F2B03FF0500667350 /* NSDirectionalEdgeInsets.swift */,
			);
			path = Utils;
			sourceTree = "<group>";
		};
		7BE710002B02B1910090D678 /* Events */ = {
			isa = PBXGroup;
			children = (
				7B947D1A2B03E45D00667350 /* CollectionView */,
				7BE710012B02B19D0090D678 /* EventsViewController.swift */,
				7BE710032B02B1BC0090D678 /* EventsViewModel.swift */,
			);
			path = Events;
			sourceTree = "<group>";
		};
		7BE710082B02C22C0090D678 /* Networking */ = {
			isa = PBXGroup;
			children = (
				7BE710252B02D2D60090D678 /* Utilities */,
				7BE710222B02D1AF0090D678 /* Models */,
				7BE7101F2B02CFC80090D678 /* Encoding */,
				7BE7101C2B02CE3E0090D678 /* Endpoint */,
				7BE7100B2B02C3150090D678 /* EndPointType.swift */,
				7BE7100F2B02C93D0090D678 /* Helpers */,
				7BE710092B02C24A0090D678 /* NetworkManager.swift */,
				7BE7100D2B02C8FF0090D678 /* NetworkResponseApi.swift */,
				7BE710192B02CD5E0090D678 /* Service */,
			);
			path = Networking;
			sourceTree = "<group>";
		};
		7BE7100F2B02C93D0090D678 /* Helpers */ = {
			isa = PBXGroup;
			children = (
				7BE710102B02C94D0090D678 /* Result.swift */,
			);
			path = Helpers;
			sourceTree = "<group>";
		};
		7BE710142B02CC230090D678 /* Models */ = {
			isa = PBXGroup;
			children = (
				7BE710152B02CC2E0090D678 /* EventsTM.swift */,
				7BE710172B02CC6F0090D678 /* NetworkResponse.swift */,
			);
			path = Models;
			sourceTree = "<group>";
		};
		7BE710192B02CD5E0090D678 /* Service */ = {
			isa = PBXGroup;
			children = (
				7BE7101A2B02CD780090D678 /* EventsNetworkService.swift */,
				7B947D292B03F6B700667350 /* ImageNetworkService.swift */,
			);
			path = Service;
			sourceTree = "<group>";
		};
		7BE7101C2B02CE3E0090D678 /* Endpoint */ = {
			isa = PBXGroup;
			children = (
				7BE7101D2B02CE500090D678 /* EventsApiEndpoint.swift */,
				7B947D2B2B03F6E700667350 /* ImageApiEndpoint.swift */,
			);
			path = Endpoint;
			sourceTree = "<group>";
		};
		7BE7101F2B02CFC80090D678 /* Encoding */ = {
			isa = PBXGroup;
			children = (
				7BE710202B02CFD40090D678 /* ParameterEncoding.swift */,
			);
			path = Encoding;
			sourceTree = "<group>";
		};
		7BE710222B02D1AF0090D678 /* Models */ = {
			isa = PBXGroup;
			children = (
				7BE710232B02D1BE0090D678 /* EventsApiResponse.swift */,
			);
			path = Models;
			sourceTree = "<group>";
		};
		7BE710252B02D2D60090D678 /* Utilities */ = {
			isa = PBXGroup;
			children = (
				7BE710262B02D2EA0090D678 /* AnyPublisher+Create.swift */,
			);
			path = Utilities;
			sourceTree = "<group>";
		};
		7BE710282B02D47E0090D678 /* Services */ = {
			isa = PBXGroup;
			children = (
				7BE710292B02D48C0090D678 /* EventsService.swift */,
				7B947D272B03F64B00667350 /* ImageService.swift */,
			);
			path = Services;
			sourceTree = "<group>";
		};
/* End PBXGroup section */

/* Begin PBXNativeTarget section */
		7BE70FBB2B02A8F90090D678 /* TMChallenge */ = {
			isa = PBXNativeTarget;
			buildConfigurationList = 7BE70FE92B02A8FC0090D678 /* Build configuration list for PBXNativeTarget "TMChallenge" */;
			buildPhases = (
				7BE70FB82B02A8F90090D678 /* Sources */,
				7BE70FB92B02A8F90090D678 /* Frameworks */,
				7BE70FBA2B02A8F90090D678 /* Resources */,
			);
			buildRules = (
			);
			dependencies = (
			);
			name = TMChallenge;
			productName = TMChallenge;
			productReference = 7BE70FBC2B02A8F90090D678 /* TMChallenge.app */;
			productType = "com.apple.product-type.application";
		};
		7BE70FD42B02A8FC0090D678 /* TMChallengeTests */ = {
			isa = PBXNativeTarget;
			buildConfigurationList = 7BE70FEC2B02A8FC0090D678 /* Build configuration list for PBXNativeTarget "TMChallengeTests" */;
			buildPhases = (
				7BE70FD12B02A8FC0090D678 /* Sources */,
				7BE70FD22B02A8FC0090D678 /* Frameworks */,
				7BE70FD32B02A8FC0090D678 /* Resources */,
			);
			buildRules = (
			);
			dependencies = (
				7BE70FD72B02A8FC0090D678 /* PBXTargetDependency */,
			);
			name = TMChallengeTests;
			productName = TMChallengeTests;
			productReference = 7BE70FD52B02A8FC0090D678 /* TMChallengeTests.xctest */;
			productType = "com.apple.product-type.bundle.unit-test";
		};
		7BE70FDE2B02A8FC0090D678 /* TMChallengeUITests */ = {
			isa = PBXNativeTarget;
			buildConfigurationList = 7BE70FEF2B02A8FC0090D678 /* Build configuration list for PBXNativeTarget "TMChallengeUITests" */;
			buildPhases = (
				7BE70FDB2B02A8FC0090D678 /* Sources */,
				7BE70FDC2B02A8FC0090D678 /* Frameworks */,
				7BE70FDD2B02A8FC0090D678 /* Resources */,
			);
			buildRules = (
			);
			dependencies = (
				7BE70FE12B02A8FC0090D678 /* PBXTargetDependency */,
			);
			name = TMChallengeUITests;
			productName = TMChallengeUITests;
			productReference = 7BE70FDF2B02A8FC0090D678 /* TMChallengeUITests.xctest */;
			productType = "com.apple.product-type.bundle.ui-testing";
		};
/* End PBXNativeTarget section */

/* Begin PBXProject section */
		7BE70FB42B02A8F90090D678 /* Project object */ = {
			isa = PBXProject;
			attributes = {
				BuildIndependentTargetsInParallel = 1;
				LastSwiftUpdateCheck = 1500;
				LastUpgradeCheck = 1500;
				TargetAttributes = {
					7BE70FBB2B02A8F90090D678 = {
						CreatedOnToolsVersion = 15.0.1;
					};
					7BE70FD42B02A8FC0090D678 = {
						CreatedOnToolsVersion = 15.0.1;
						TestTargetID = 7BE70FBB2B02A8F90090D678;
					};
					7BE70FDE2B02A8FC0090D678 = {
						CreatedOnToolsVersion = 15.0.1;
						TestTargetID = 7BE70FBB2B02A8F90090D678;
					};
				};
			};
			buildConfigurationList = 7BE70FB72B02A8F90090D678 /* Build configuration list for PBXProject "TMChallenge" */;
			compatibilityVersion = "Xcode 14.0";
			developmentRegion = en;
			hasScannedForEncodings = 0;
			knownRegions = (
				en,
				Base,
			);
			mainGroup = 7BE70FB32B02A8F90090D678;
			productRefGroup = 7BE70FBD2B02A8F90090D678 /* Products */;
			projectDirPath = "";
			projectRoot = "";
			targets = (
				7BE70FBB2B02A8F90090D678 /* TMChallenge */,
				7BE70FD42B02A8FC0090D678 /* TMChallengeTests */,
				7BE70FDE2B02A8FC0090D678 /* TMChallengeUITests */,
			);
		};
/* End PBXProject section */

/* Begin PBXResourcesBuildPhase section */
		7BE70FBA2B02A8F90090D678 /* Resources */ = {
			isa = PBXResourcesBuildPhase;
			buildActionMask = 2147483647;
			files = (
				7BE70FCF2B02A8FC0090D678 /* LaunchScreen.storyboard in Resources */,
				7BE70FCC2B02A8FC0090D678 /* Assets.xcassets in Resources */,
			);
			runOnlyForDeploymentPostprocessing = 0;
		};
		7BE70FD32B02A8FC0090D678 /* Resources */ = {
			isa = PBXResourcesBuildPhase;
			buildActionMask = 2147483647;
			files = (
			);
			runOnlyForDeploymentPostprocessing = 0;
		};
		7BE70FDD2B02A8FC0090D678 /* Resources */ = {
			isa = PBXResourcesBuildPhase;
			buildActionMask = 2147483647;
			files = (
			);
			runOnlyForDeploymentPostprocessing = 0;
		};
/* End PBXResourcesBuildPhase section */

/* Begin PBXSourcesBuildPhase section */
		7BE70FB82B02A8F90090D678 /* Sources */ = {
			isa = PBXSourcesBuildPhase;
			buildActionMask = 2147483647;
			files = (
				7BE710162B02CC2E0090D678 /* EventsTM.swift in Sources */,
				7B947D242B03EFF800667350 /* CustomTextView.swift in Sources */,
				7B947D282B03F64B00667350 /* ImageService.swift in Sources */,
				7B947D1C2B03E46900667350 /* EventCollectionViewCell.swift in Sources */,
				7BE70FCA2B02A8F90090D678 /* TMChallenge.xcdatamodeld in Sources */,
				7B947D202B03EE8500667350 /* Alert.swift in Sources */,
				7BE7101E2B02CE500090D678 /* EventsApiEndpoint.swift in Sources */,
				7B947D262B03F58800667350 /* Cache.swift in Sources */,
				7B947D302B03FF0500667350 /* NSDirectionalEdgeInsets.swift in Sources */,
				7BE7101B2B02CD780090D678 /* EventsNetworkService.swift in Sources */,
				7BE7102A2B02D48C0090D678 /* EventsService.swift in Sources */,
				7BE70FC02B02A8F90090D678 /* AppDelegate.swift in Sources */,
				7BE7100C2B02C3150090D678 /* EndPointType.swift in Sources */,
				7BE70FC22B02A8F90090D678 /* SceneDelegate.swift in Sources */,
				7B947D222B03EF9F00667350 /* UICollectionView+EmptyView.swift in Sources */,
				7B947D2A2B03F6B700667350 /* ImageNetworkService.swift in Sources */,
				7BE710212B02CFD40090D678 /* ParameterEncoding.swift in Sources */,
				7B947D2C2B03F6E700667350 /* ImageApiEndpoint.swift in Sources */,
				7BE7100E2B02C8FF0090D678 /* NetworkResponseApi.swift in Sources */,
				7BE710042B02B1BC0090D678 /* EventsViewModel.swift in Sources */,
				7BE7100A2B02C24A0090D678 /* NetworkManager.swift in Sources */,
				7B947D192B03E33800667350 /* EventsBaseCollectionView.swift in Sources */,
				7BE710182B02CC6F0090D678 /* NetworkResponse.swift in Sources */,
				7BE70FFF2B02AC070090D678 /* BaseViewController.swift in Sources */,
				7BE710242B02D1BE0090D678 /* EventsApiResponse.swift in Sources */,
				7BE710272B02D2EA0090D678 /* AnyPublisher+Create.swift in Sources */,
				7B947D2E2B03FEE600667350 /* UIDevice.swift in Sources */,
				7BE70FFB2B02ABA00090D678 /* AppCoordinator.swift in Sources */,
				7B947D1E2B03E75900667350 /* CustomEventImage.swift in Sources */,
				7BE710022B02B19D0090D678 /* EventsViewController.swift in Sources */,
				7BE710112B02C94D0090D678 /* Result.swift in Sources */,
			);
			runOnlyForDeploymentPostprocessing = 0;
		};
		7BE70FD12B02A8FC0090D678 /* Sources */ = {
			isa = PBXSourcesBuildPhase;
			buildActionMask = 2147483647;
			files = (
				7BE70FDA2B02A8FC0090D678 /* TMChallengeTests.swift in Sources */,
			);
			runOnlyForDeploymentPostprocessing = 0;
		};
		7BE70FDB2B02A8FC0090D678 /* Sources */ = {
			isa = PBXSourcesBuildPhase;
			buildActionMask = 2147483647;
			files = (
				7BE70FE42B02A8FC0090D678 /* TMChallengeUITests.swift in Sources */,
				7BE70FE62B02A8FC0090D678 /* TMChallengeUITestsLaunchTests.swift in Sources */,
			);
			runOnlyForDeploymentPostprocessing = 0;
		};
/* End PBXSourcesBuildPhase section */

/* Begin PBXTargetDependency section */
		7BE70FD72B02A8FC0090D678 /* PBXTargetDependency */ = {
			isa = PBXTargetDependency;
			target = 7BE70FBB2B02A8F90090D678 /* TMChallenge */;
			targetProxy = 7BE70FD62B02A8FC0090D678 /* PBXContainerItemProxy */;
		};
		7BE70FE12B02A8FC0090D678 /* PBXTargetDependency */ = {
			isa = PBXTargetDependency;
			target = 7BE70FBB2B02A8F90090D678 /* TMChallenge */;
			targetProxy = 7BE70FE02B02A8FC0090D678 /* PBXContainerItemProxy */;
		};
/* End PBXTargetDependency section */

/* Begin PBXVariantGroup section */
		7BE70FCD2B02A8FC0090D678 /* LaunchScreen.storyboard */ = {
			isa = PBXVariantGroup;
			children = (
				7BE70FCE2B02A8FC0090D678 /* Base */,
			);
			name = LaunchScreen.storyboard;
			sourceTree = "<group>";
		};
/* End PBXVariantGroup section */

/* Begin XCBuildConfiguration section */
		7BE70FE72B02A8FC0090D678 /* Debug */ = {
			isa = XCBuildConfiguration;
			buildSettings = {
				ALWAYS_SEARCH_USER_PATHS = NO;
				ASSETCATALOG_COMPILER_GENERATE_SWIFT_ASSET_SYMBOL_EXTENSIONS = YES;
				CLANG_ANALYZER_NONNULL = YES;
				CLANG_ANALYZER_NUMBER_OBJECT_CONVERSION = YES_AGGRESSIVE;
				CLANG_CXX_LANGUAGE_STANDARD = "gnu++20";
				CLANG_ENABLE_MODULES = YES;
				CLANG_ENABLE_OBJC_ARC = YES;
				CLANG_ENABLE_OBJC_WEAK = YES;
				CLANG_WARN_BLOCK_CAPTURE_AUTORELEASING = YES;
				CLANG_WARN_BOOL_CONVERSION = YES;
				CLANG_WARN_COMMA = YES;
				CLANG_WARN_CONSTANT_CONVERSION = YES;
				CLANG_WARN_DEPRECATED_OBJC_IMPLEMENTATIONS = YES;
				CLANG_WARN_DIRECT_OBJC_ISA_USAGE = YES_ERROR;
				CLANG_WARN_DOCUMENTATION_COMMENTS = YES;
				CLANG_WARN_EMPTY_BODY = YES;
				CLANG_WARN_ENUM_CONVERSION = YES;
				CLANG_WARN_INFINITE_RECURSION = YES;
				CLANG_WARN_INT_CONVERSION = YES;
				CLANG_WARN_NON_LITERAL_NULL_CONVERSION = YES;
				CLANG_WARN_OBJC_IMPLICIT_RETAIN_SELF = YES;
				CLANG_WARN_OBJC_LITERAL_CONVERSION = YES;
				CLANG_WARN_OBJC_ROOT_CLASS = YES_ERROR;
				CLANG_WARN_QUOTED_INCLUDE_IN_FRAMEWORK_HEADER = YES;
				CLANG_WARN_RANGE_LOOP_ANALYSIS = YES;
				CLANG_WARN_STRICT_PROTOTYPES = YES;
				CLANG_WARN_SUSPICIOUS_MOVE = YES;
				CLANG_WARN_UNGUARDED_AVAILABILITY = YES_AGGRESSIVE;
				CLANG_WARN_UNREACHABLE_CODE = YES;
				CLANG_WARN__DUPLICATE_METHOD_MATCH = YES;
				COPY_PHASE_STRIP = NO;
				DEBUG_INFORMATION_FORMAT = dwarf;
				ENABLE_STRICT_OBJC_MSGSEND = YES;
				ENABLE_TESTABILITY = YES;
				ENABLE_USER_SCRIPT_SANDBOXING = YES;
				GCC_C_LANGUAGE_STANDARD = gnu17;
				GCC_DYNAMIC_NO_PIC = NO;
				GCC_NO_COMMON_BLOCKS = YES;
				GCC_OPTIMIZATION_LEVEL = 0;
				GCC_PREPROCESSOR_DEFINITIONS = (
					"DEBUG=1",
					"$(inherited)",
				);
				GCC_WARN_64_TO_32_BIT_CONVERSION = YES;
				GCC_WARN_ABOUT_RETURN_TYPE = YES_ERROR;
				GCC_WARN_UNDECLARED_SELECTOR = YES;
				GCC_WARN_UNINITIALIZED_AUTOS = YES_AGGRESSIVE;
				GCC_WARN_UNUSED_FUNCTION = YES;
				GCC_WARN_UNUSED_VARIABLE = YES;
				IPHONEOS_DEPLOYMENT_TARGET = 17.0;
				LOCALIZATION_PREFERS_STRING_CATALOGS = YES;
				MTL_ENABLE_DEBUG_INFO = INCLUDE_SOURCE;
				MTL_FAST_MATH = YES;
				ONLY_ACTIVE_ARCH = YES;
				SDKROOT = iphoneos;
				SWIFT_ACTIVE_COMPILATION_CONDITIONS = "DEBUG $(inherited)";
				SWIFT_OPTIMIZATION_LEVEL = "-Onone";
			};
			name = Debug;
		};
		7BE70FE82B02A8FC0090D678 /* Release */ = {
			isa = XCBuildConfiguration;
			buildSettings = {
				ALWAYS_SEARCH_USER_PATHS = NO;
				ASSETCATALOG_COMPILER_GENERATE_SWIFT_ASSET_SYMBOL_EXTENSIONS = YES;
				CLANG_ANALYZER_NONNULL = YES;
				CLANG_ANALYZER_NUMBER_OBJECT_CONVERSION = YES_AGGRESSIVE;
				CLANG_CXX_LANGUAGE_STANDARD = "gnu++20";
				CLANG_ENABLE_MODULES = YES;
				CLANG_ENABLE_OBJC_ARC = YES;
				CLANG_ENABLE_OBJC_WEAK = YES;
				CLANG_WARN_BLOCK_CAPTURE_AUTORELEASING = YES;
				CLANG_WARN_BOOL_CONVERSION = YES;
				CLANG_WARN_COMMA = YES;
				CLANG_WARN_CONSTANT_CONVERSION = YES;
				CLANG_WARN_DEPRECATED_OBJC_IMPLEMENTATIONS = YES;
				CLANG_WARN_DIRECT_OBJC_ISA_USAGE = YES_ERROR;
				CLANG_WARN_DOCUMENTATION_COMMENTS = YES;
				CLANG_WARN_EMPTY_BODY = YES;
				CLANG_WARN_ENUM_CONVERSION = YES;
				CLANG_WARN_INFINITE_RECURSION = YES;
				CLANG_WARN_INT_CONVERSION = YES;
				CLANG_WARN_NON_LITERAL_NULL_CONVERSION = YES;
				CLANG_WARN_OBJC_IMPLICIT_RETAIN_SELF = YES;
				CLANG_WARN_OBJC_LITERAL_CONVERSION = YES;
				CLANG_WARN_OBJC_ROOT_CLASS = YES_ERROR;
				CLANG_WARN_QUOTED_INCLUDE_IN_FRAMEWORK_HEADER = YES;
				CLANG_WARN_RANGE_LOOP_ANALYSIS = YES;
				CLANG_WARN_STRICT_PROTOTYPES = YES;
				CLANG_WARN_SUSPICIOUS_MOVE = YES;
				CLANG_WARN_UNGUARDED_AVAILABILITY = YES_AGGRESSIVE;
				CLANG_WARN_UNREACHABLE_CODE = YES;
				CLANG_WARN__DUPLICATE_METHOD_MATCH = YES;
				COPY_PHASE_STRIP = NO;
				DEBUG_INFORMATION_FORMAT = "dwarf-with-dsym";
				ENABLE_NS_ASSERTIONS = NO;
				ENABLE_STRICT_OBJC_MSGSEND = YES;
				ENABLE_USER_SCRIPT_SANDBOXING = YES;
				GCC_C_LANGUAGE_STANDARD = gnu17;
				GCC_NO_COMMON_BLOCKS = YES;
				GCC_WARN_64_TO_32_BIT_CONVERSION = YES;
				GCC_WARN_ABOUT_RETURN_TYPE = YES_ERROR;
				GCC_WARN_UNDECLARED_SELECTOR = YES;
				GCC_WARN_UNINITIALIZED_AUTOS = YES_AGGRESSIVE;
				GCC_WARN_UNUSED_FUNCTION = YES;
				GCC_WARN_UNUSED_VARIABLE = YES;
				IPHONEOS_DEPLOYMENT_TARGET = 17.0;
				LOCALIZATION_PREFERS_STRING_CATALOGS = YES;
				MTL_ENABLE_DEBUG_INFO = NO;
				MTL_FAST_MATH = YES;
				SDKROOT = iphoneos;
				SWIFT_COMPILATION_MODE = wholemodule;
				VALIDATE_PRODUCT = YES;
			};
			name = Release;
		};
		7BE70FEA2B02A8FC0090D678 /* Debug */ = {
			isa = XCBuildConfiguration;
			buildSettings = {
				ASSETCATALOG_COMPILER_APPICON_NAME = AppIcon;
				ASSETCATALOG_COMPILER_GLOBAL_ACCENT_COLOR_NAME = AccentColor;
				CODE_SIGN_STYLE = Automatic;
				CURRENT_PROJECT_VERSION = 1;
				GENERATE_INFOPLIST_FILE = YES;
				INFOPLIST_FILE = TMChallenge/Info.plist;
				INFOPLIST_KEY_UIApplicationSupportsIndirectInputEvents = YES;
				INFOPLIST_KEY_UILaunchStoryboardName = LaunchScreen.storyboard;
				INFOPLIST_KEY_UISupportedInterfaceOrientations_iPad = "UIInterfaceOrientationPortrait UIInterfaceOrientationPortraitUpsideDown UIInterfaceOrientationLandscapeLeft UIInterfaceOrientationLandscapeRight";
				INFOPLIST_KEY_UISupportedInterfaceOrientations_iPhone = "UIInterfaceOrientationPortrait UIInterfaceOrientationLandscapeLeft UIInterfaceOrientationLandscapeRight";
				LD_RUNPATH_SEARCH_PATHS = (
					"$(inherited)",
					"@executable_path/Frameworks",
				);
				MARKETING_VERSION = 1.0;
				PRODUCT_BUNDLE_IDENTIFIER = com.automata.TMChallenge;
				PRODUCT_NAME = "$(TARGET_NAME)";
				SWIFT_EMIT_LOC_STRINGS = YES;
				SWIFT_VERSION = 5.0;
				TARGETED_DEVICE_FAMILY = "1,2";
			};
			name = Debug;
		};
		7BE70FEB2B02A8FC0090D678 /* Release */ = {
			isa = XCBuildConfiguration;
			buildSettings = {
				ASSETCATALOG_COMPILER_APPICON_NAME = AppIcon;
				ASSETCATALOG_COMPILER_GLOBAL_ACCENT_COLOR_NAME = AccentColor;
				CODE_SIGN_STYLE = Automatic;
				CURRENT_PROJECT_VERSION = 1;
				GENERATE_INFOPLIST_FILE = YES;
				INFOPLIST_FILE = TMChallenge/Info.plist;
				INFOPLIST_KEY_UIApplicationSupportsIndirectInputEvents = YES;
				INFOPLIST_KEY_UILaunchStoryboardName = LaunchScreen.storyboard;
				INFOPLIST_KEY_UISupportedInterfaceOrientations_iPad = "UIInterfaceOrientationPortrait UIInterfaceOrientationPortraitUpsideDown UIInterfaceOrientationLandscapeLeft UIInterfaceOrientationLandscapeRight";
				INFOPLIST_KEY_UISupportedInterfaceOrientations_iPhone = "UIInterfaceOrientationPortrait UIInterfaceOrientationLandscapeLeft UIInterfaceOrientationLandscapeRight";
				LD_RUNPATH_SEARCH_PATHS = (
					"$(inherited)",
					"@executable_path/Frameworks",
				);
				MARKETING_VERSION = 1.0;
				PRODUCT_BUNDLE_IDENTIFIER = com.automata.TMChallenge;
				PRODUCT_NAME = "$(TARGET_NAME)";
				SWIFT_EMIT_LOC_STRINGS = YES;
				SWIFT_VERSION = 5.0;
				TARGETED_DEVICE_FAMILY = "1,2";
			};
			name = Release;
		};
		7BE70FED2B02A8FC0090D678 /* Debug */ = {
			isa = XCBuildConfiguration;
			buildSettings = {
				ALWAYS_EMBED_SWIFT_STANDARD_LIBRARIES = YES;
				BUNDLE_LOADER = "$(TEST_HOST)";
				CODE_SIGN_STYLE = Automatic;
				CURRENT_PROJECT_VERSION = 1;
				GENERATE_INFOPLIST_FILE = YES;
				IPHONEOS_DEPLOYMENT_TARGET = 17.0;
				MARKETING_VERSION = 1.0;
				PRODUCT_BUNDLE_IDENTIFIER = com.automata.TMChallengeTests;
				PRODUCT_NAME = "$(TARGET_NAME)";
				SWIFT_EMIT_LOC_STRINGS = NO;
				SWIFT_VERSION = 5.0;
				TARGETED_DEVICE_FAMILY = "1,2";
				TEST_HOST = "$(BUILT_PRODUCTS_DIR)/TMChallenge.app/$(BUNDLE_EXECUTABLE_FOLDER_PATH)/TMChallenge";
			};
			name = Debug;
		};
		7BE70FEE2B02A8FC0090D678 /* Release */ = {
			isa = XCBuildConfiguration;
			buildSettings = {
				ALWAYS_EMBED_SWIFT_STANDARD_LIBRARIES = YES;
				BUNDLE_LOADER = "$(TEST_HOST)";
				CODE_SIGN_STYLE = Automatic;
				CURRENT_PROJECT_VERSION = 1;
				GENERATE_INFOPLIST_FILE = YES;
				IPHONEOS_DEPLOYMENT_TARGET = 17.0;
				MARKETING_VERSION = 1.0;
				PRODUCT_BUNDLE_IDENTIFIER = com.automata.TMChallengeTests;
				PRODUCT_NAME = "$(TARGET_NAME)";
				SWIFT_EMIT_LOC_STRINGS = NO;
				SWIFT_VERSION = 5.0;
				TARGETED_DEVICE_FAMILY = "1,2";
				TEST_HOST = "$(BUILT_PRODUCTS_DIR)/TMChallenge.app/$(BUNDLE_EXECUTABLE_FOLDER_PATH)/TMChallenge";
			};
			name = Release;
		};
		7BE70FF02B02A8FC0090D678 /* Debug */ = {
			isa = XCBuildConfiguration;
			buildSettings = {
				ALWAYS_EMBED_SWIFT_STANDARD_LIBRARIES = YES;
				CODE_SIGN_STYLE = Automatic;
				CURRENT_PROJECT_VERSION = 1;
				GENERATE_INFOPLIST_FILE = YES;
				MARKETING_VERSION = 1.0;
				PRODUCT_BUNDLE_IDENTIFIER = com.automata.TMChallengeUITests;
				PRODUCT_NAME = "$(TARGET_NAME)";
				SWIFT_EMIT_LOC_STRINGS = NO;
				SWIFT_VERSION = 5.0;
				TARGETED_DEVICE_FAMILY = "1,2";
				TEST_TARGET_NAME = TMChallenge;
			};
			name = Debug;
		};
		7BE70FF12B02A8FC0090D678 /* Release */ = {
			isa = XCBuildConfiguration;
			buildSettings = {
				ALWAYS_EMBED_SWIFT_STANDARD_LIBRARIES = YES;
				CODE_SIGN_STYLE = Automatic;
				CURRENT_PROJECT_VERSION = 1;
				GENERATE_INFOPLIST_FILE = YES;
				MARKETING_VERSION = 1.0;
				PRODUCT_BUNDLE_IDENTIFIER = com.automata.TMChallengeUITests;
				PRODUCT_NAME = "$(TARGET_NAME)";
				SWIFT_EMIT_LOC_STRINGS = NO;
				SWIFT_VERSION = 5.0;
				TARGETED_DEVICE_FAMILY = "1,2";
				TEST_TARGET_NAME = TMChallenge;
			};
			name = Release;
		};
/* End XCBuildConfiguration section */

/* Begin XCConfigurationList section */
		7BE70FB72B02A8F90090D678 /* Build configuration list for PBXProject "TMChallenge" */ = {
			isa = XCConfigurationList;
			buildConfigurations = (
				7BE70FE72B02A8FC0090D678 /* Debug */,
				7BE70FE82B02A8FC0090D678 /* Release */,
			);
			defaultConfigurationIsVisible = 0;
			defaultConfigurationName = Release;
		};
		7BE70FE92B02A8FC0090D678 /* Build configuration list for PBXNativeTarget "TMChallenge" */ = {
			isa = XCConfigurationList;
			buildConfigurations = (
				7BE70FEA2B02A8FC0090D678 /* Debug */,
				7BE70FEB2B02A8FC0090D678 /* Release */,
			);
			defaultConfigurationIsVisible = 0;
			defaultConfigurationName = Release;
		};
		7BE70FEC2B02A8FC0090D678 /* Build configuration list for PBXNativeTarget "TMChallengeTests" */ = {
			isa = XCConfigurationList;
			buildConfigurations = (
				7BE70FED2B02A8FC0090D678 /* Debug */,
				7BE70FEE2B02A8FC0090D678 /* Release */,
			);
			defaultConfigurationIsVisible = 0;
			defaultConfigurationName = Release;
		};
		7BE70FEF2B02A8FC0090D678 /* Build configuration list for PBXNativeTarget "TMChallengeUITests" */ = {
			isa = XCConfigurationList;
			buildConfigurations = (
				7BE70FF02B02A8FC0090D678 /* Debug */,
				7BE70FF12B02A8FC0090D678 /* Release */,
			);
			defaultConfigurationIsVisible = 0;
			defaultConfigurationName = Release;
		};
/* End XCConfigurationList section */

/* Begin XCVersionGroup section */
		7BE70FC82B02A8F90090D678 /* TMChallenge.xcdatamodeld */ = {
			isa = XCVersionGroup;
			children = (
				7BE70FC92B02A8F90090D678 /* TMChallenge.xcdatamodel */,
			);
			currentVersion = 7BE70FC92B02A8F90090D678 /* TMChallenge.xcdatamodel */;
			path = TMChallenge.xcdatamodeld;
			sourceTree = "<group>";
			versionGroupType = wrapper.xcdatamodel;
		};
/* End XCVersionGroup section */
	};
	rootObject = 7BE70FB42B02A8F90090D678 /* Project object */;
}
